// !$*UTF8*$!
{
	archiveVersion = 1;
	classes = {
	};
	objectVersion = 56;
	objects = {

/* Begin PBXBuildFile section */
		6E1A1E9629F9281200E4BEF4 /* Reachability in Frameworks */ = {isa = PBXBuildFile; productRef = 6E1A1E9529F9281200E4BEF4 /* Reachability */; };
		6E1A1E9929F92AD700E4BEF4 /* SceneDelegate.swift in Sources */ = {isa = PBXBuildFile; fileRef = 6E1A1E9829F92AD700E4BEF4 /* SceneDelegate.swift */; };
		6E1A1E9D29F95D9A00E4BEF4 /* GoogleSignIn in Frameworks */ = {isa = PBXBuildFile; productRef = 6E1A1E9C29F95D9A00E4BEF4 /* GoogleSignIn */; };
		6E1A1E9F29F95D9A00E4BEF4 /* GoogleSignInSwift in Frameworks */ = {isa = PBXBuildFile; productRef = 6E1A1E9E29F95D9A00E4BEF4 /* GoogleSignInSwift */; };
		6E1A1EA229F9638300E4BEF4 /* HomeviewControllerViewController.swift in Sources */ = {isa = PBXBuildFile; fileRef = 6E1A1EA129F9638300E4BEF4 /* HomeviewControllerViewController.swift */; };
		6E1A1EA429F963A500E4BEF4 /* Home.storyboard in Resources */ = {isa = PBXBuildFile; fileRef = 6E1A1EA329F963A500E4BEF4 /* Home.storyboard */; };
		6E1A1EA829F9654800E4BEF4 /* UIApplication+Extension.swift in Sources */ = {isa = PBXBuildFile; fileRef = 6E1A1EA729F9654800E4BEF4 /* UIApplication+Extension.swift */; };
		6E1A1EAB29F966DE00E4BEF4 /* AppNavigation.swift in Sources */ = {isa = PBXBuildFile; fileRef = 6E1A1EAA29F966DE00E4BEF4 /* AppNavigation.swift */; };
		6E1A1EB329F96A9B00E4BEF4 /* HomeTableViewCell.swift in Sources */ = {isa = PBXBuildFile; fileRef = 6E1A1EB129F96A9B00E4BEF4 /* HomeTableViewCell.swift */; };
		6E1A1EB429F96A9B00E4BEF4 /* HomeTableViewCell.xib in Resources */ = {isa = PBXBuildFile; fileRef = 6E1A1EB229F96A9B00E4BEF4 /* HomeTableViewCell.xib */; };
		6E1A1EB729F96FCC00E4BEF4 /* IPViewController.swift in Sources */ = {isa = PBXBuildFile; fileRef = 6E1A1EB629F96FCC00E4BEF4 /* IPViewController.swift */; };
		6E1A1EB929F96FD900E4BEF4 /* IP.storyboard in Resources */ = {isa = PBXBuildFile; fileRef = 6E1A1EB829F96FD900E4BEF4 /* IP.storyboard */; };
		6E1A1EBE29F971B500E4BEF4 /* PersistenceService.swift in Sources */ = {isa = PBXBuildFile; fileRef = 6E1A1EBD29F971B500E4BEF4 /* PersistenceService.swift */; };
		6E1A1EC129F97A1600E4BEF4 /* AppStrings.swift in Sources */ = {isa = PBXBuildFile; fileRef = 6E1A1EC029F97A1600E4BEF4 /* AppStrings.swift */; };
		6EBB5D0129F92641002A6BBC /* AppDelegate.swift in Sources */ = {isa = PBXBuildFile; fileRef = 6EBB5D0029F92641002A6BBC /* AppDelegate.swift */; };
		6EBB5D0529F92641002A6BBC /* ViewController.swift in Sources */ = {isa = PBXBuildFile; fileRef = 6EBB5D0429F92641002A6BBC /* ViewController.swift */; };
		6EBB5D0829F92641002A6BBC /* Main.storyboard in Resources */ = {isa = PBXBuildFile; fileRef = 6EBB5D0629F92641002A6BBC /* Main.storyboard */; };
		6EBB5D0B29F92641002A6BBC /* XeroxTest.xcdatamodeld in Sources */ = {isa = PBXBuildFile; fileRef = 6EBB5D0929F92641002A6BBC /* XeroxTest.xcdatamodeld */; };
		6EBB5D0D29F92642002A6BBC /* Assets.xcassets in Resources */ = {isa = PBXBuildFile; fileRef = 6EBB5D0C29F92642002A6BBC /* Assets.xcassets */; };
		6EBB5D1029F92642002A6BBC /* LaunchScreen.storyboard in Resources */ = {isa = PBXBuildFile; fileRef = 6EBB5D0E29F92642002A6BBC /* LaunchScreen.storyboard */; };
		6EBB5D1B29F92642002A6BBC /* XeroxTestTests.swift in Sources */ = {isa = PBXBuildFile; fileRef = 6EBB5D1A29F92642002A6BBC /* XeroxTestTests.swift */; };
		6EBB5D2529F92642002A6BBC /* XeroxTestUITests.swift in Sources */ = {isa = PBXBuildFile; fileRef = 6EBB5D2429F92642002A6BBC /* XeroxTestUITests.swift */; };
		6EBB5D2729F92642002A6BBC /* XeroxTestUITestsLaunchTests.swift in Sources */ = {isa = PBXBuildFile; fileRef = 6EBB5D2629F92642002A6BBC /* XeroxTestUITestsLaunchTests.swift */; };
/* End PBXBuildFile section */

/* Begin PBXContainerItemProxy section */
		6EBB5D1729F92642002A6BBC /* PBXContainerItemProxy */ = {
			isa = PBXContainerItemProxy;
			containerPortal = 6EBB5CF529F92641002A6BBC /* Project object */;
			proxyType = 1;
			remoteGlobalIDString = 6EBB5CFC29F92641002A6BBC;
			remoteInfo = XeroxTest;
		};
		6EBB5D2129F92642002A6BBC /* PBXContainerItemProxy */ = {
			isa = PBXContainerItemProxy;
			containerPortal = 6EBB5CF529F92641002A6BBC /* Project object */;
			proxyType = 1;
			remoteGlobalIDString = 6EBB5CFC29F92641002A6BBC;
			remoteInfo = XeroxTest;
		};
/* End PBXContainerItemProxy section */

/* Begin PBXFileReference section */
		6E1A1E9829F92AD700E4BEF4 /* SceneDelegate.swift */ = {isa = PBXFileReference; fileEncoding = 4; lastKnownFileType = sourcecode.swift; path = SceneDelegate.swift; sourceTree = "<group>"; };
		6E1A1EA129F9638300E4BEF4 /* HomeviewControllerViewController.swift */ = {isa = PBXFileReference; lastKnownFileType = sourcecode.swift; path = HomeviewControllerViewController.swift; sourceTree = "<group>"; };
		6E1A1EA329F963A500E4BEF4 /* Home.storyboard */ = {isa = PBXFileReference; lastKnownFileType = file.storyboard; path = Home.storyboard; sourceTree = "<group>"; };
		6E1A1EA729F9654800E4BEF4 /* UIApplication+Extension.swift */ = {isa = PBXFileReference; lastKnownFileType = sourcecode.swift; path = "UIApplication+Extension.swift"; sourceTree = "<group>"; };
		6E1A1EAA29F966DE00E4BEF4 /* AppNavigation.swift */ = {isa = PBXFileReference; lastKnownFileType = sourcecode.swift; path = AppNavigation.swift; sourceTree = "<group>"; };
		6E1A1EB129F96A9B00E4BEF4 /* HomeTableViewCell.swift */ = {isa = PBXFileReference; lastKnownFileType = sourcecode.swift; path = HomeTableViewCell.swift; sourceTree = "<group>"; };
		6E1A1EB229F96A9B00E4BEF4 /* HomeTableViewCell.xib */ = {isa = PBXFileReference; lastKnownFileType = file.xib; path = HomeTableViewCell.xib; sourceTree = "<group>"; };
		6E1A1EB629F96FCC00E4BEF4 /* IPViewController.swift */ = {isa = PBXFileReference; lastKnownFileType = sourcecode.swift; path = IPViewController.swift; sourceTree = "<group>"; };
		6E1A1EB829F96FD900E4BEF4 /* IP.storyboard */ = {isa = PBXFileReference; lastKnownFileType = file.storyboard; path = IP.storyboard; sourceTree = "<group>"; };
		6E1A1EBD29F971B500E4BEF4 /* PersistenceService.swift */ = {isa = PBXFileReference; lastKnownFileType = sourcecode.swift; path = PersistenceService.swift; sourceTree = "<group>"; };
		6E1A1EC029F97A1600E4BEF4 /* AppStrings.swift */ = {isa = PBXFileReference; lastKnownFileType = sourcecode.swift; path = AppStrings.swift; sourceTree = "<group>"; };
		6EBB5CFD29F92641002A6BBC /* XeroxTest.app */ = {isa = PBXFileReference; explicitFileType = wrapper.application; includeInIndex = 0; path = XeroxTest.app; sourceTree = BUILT_PRODUCTS_DIR; };
		6EBB5D0029F92641002A6BBC /* AppDelegate.swift */ = {isa = PBXFileReference; lastKnownFileType = sourcecode.swift; path = AppDelegate.swift; sourceTree = "<group>"; };
		6EBB5D0429F92641002A6BBC /* ViewController.swift */ = {isa = PBXFileReference; lastKnownFileType = sourcecode.swift; path = ViewController.swift; sourceTree = "<group>"; };
		6EBB5D0729F92641002A6BBC /* Base */ = {isa = PBXFileReference; lastKnownFileType = file.storyboard; name = Base; path = Base.lproj/Main.storyboard; sourceTree = "<group>"; };
		6EBB5D0A29F92641002A6BBC /* XeroxTest.xcdatamodel */ = {isa = PBXFileReference; lastKnownFileType = wrapper.xcdatamodel; path = XeroxTest.xcdatamodel; sourceTree = "<group>"; };
		6EBB5D0C29F92642002A6BBC /* Assets.xcassets */ = {isa = PBXFileReference; lastKnownFileType = folder.assetcatalog; path = Assets.xcassets; sourceTree = "<group>"; };
		6EBB5D0F29F92642002A6BBC /* Base */ = {isa = PBXFileReference; lastKnownFileType = file.storyboard; name = Base; path = Base.lproj/LaunchScreen.storyboard; sourceTree = "<group>"; };
		6EBB5D1129F92642002A6BBC /* Info.plist */ = {isa = PBXFileReference; lastKnownFileType = text.plist.xml; path = Info.plist; sourceTree = "<group>"; };
		6EBB5D1629F92642002A6BBC /* XeroxTestTests.xctest */ = {isa = PBXFileReference; explicitFileType = wrapper.cfbundle; includeInIndex = 0; path = XeroxTestTests.xctest; sourceTree = BUILT_PRODUCTS_DIR; };
		6EBB5D1A29F92642002A6BBC /* XeroxTestTests.swift */ = {isa = PBXFileReference; lastKnownFileType = sourcecode.swift; path = XeroxTestTests.swift; sourceTree = "<group>"; };
		6EBB5D2029F92642002A6BBC /* XeroxTestUITests.xctest */ = {isa = PBXFileReference; explicitFileType = wrapper.cfbundle; includeInIndex = 0; path = XeroxTestUITests.xctest; sourceTree = BUILT_PRODUCTS_DIR; };
		6EBB5D2429F92642002A6BBC /* XeroxTestUITests.swift */ = {isa = PBXFileReference; lastKnownFileType = sourcecode.swift; path = XeroxTestUITests.swift; sourceTree = "<group>"; };
		6EBB5D2629F92642002A6BBC /* XeroxTestUITestsLaunchTests.swift */ = {isa = PBXFileReference; lastKnownFileType = sourcecode.swift; path = XeroxTestUITestsLaunchTests.swift; sourceTree = "<group>"; };
/* End PBXFileReference section */

/* Begin PBXFrameworksBuildPhase section */
		6EBB5CFA29F92641002A6BBC /* Frameworks */ = {
			isa = PBXFrameworksBuildPhase;
			buildActionMask = 2147483647;
			files = (
				6E1A1E9629F9281200E4BEF4 /* Reachability in Frameworks */,
				6E1A1E9D29F95D9A00E4BEF4 /* GoogleSignIn in Frameworks */,
				6E1A1E9F29F95D9A00E4BEF4 /* GoogleSignInSwift in Frameworks */,
			);
			runOnlyForDeploymentPostprocessing = 0;
		};
		6EBB5D1329F92642002A6BBC /* Frameworks */ = {
			isa = PBXFrameworksBuildPhase;
			buildActionMask = 2147483647;
			files = (
			);
			runOnlyForDeploymentPostprocessing = 0;
		};
		6EBB5D1D29F92642002A6BBC /* Frameworks */ = {
			isa = PBXFrameworksBuildPhase;
			buildActionMask = 2147483647;
			files = (
			);
			runOnlyForDeploymentPostprocessing = 0;
		};
/* End PBXFrameworksBuildPhase section */

/* Begin PBXGroup section */
		6E1A1E9A29F92AFE00E4BEF4 /* Login */ = {
			isa = PBXGroup;
			children = (
				6EBB5D0429F92641002A6BBC /* ViewController.swift */,
				6EBB5D0629F92641002A6BBC /* Main.storyboard */,
			);
			path = Login;
			sourceTree = "<group>";
		};
		6E1A1EA029F9636300E4BEF4 /* Home */ = {
			isa = PBXGroup;
			children = (
				6E1A1EAE29F96A3B00E4BEF4 /* HomeCell */,
				6E1A1EA129F9638300E4BEF4 /* HomeviewControllerViewController.swift */,
				6E1A1EA329F963A500E4BEF4 /* Home.storyboard */,
			);
			path = Home;
			sourceTree = "<group>";
		};
		6E1A1EA529F9651600E4BEF4 /* App */ = {
			isa = PBXGroup;
			children = (
				6E1A1EB529F96FB100E4BEF4 /* IPViewController */,
				6E1A1EA029F9636300E4BEF4 /* Home */,
				6E1A1E9A29F92AFE00E4BEF4 /* Login */,
			);
			path = App;
			sourceTree = "<group>";
		};
		6E1A1EA629F9652100E4BEF4 /* Extensions */ = {
			isa = PBXGroup;
			children = (
				6E1A1EA729F9654800E4BEF4 /* UIApplication+Extension.swift */,
			);
			path = Extensions;
			sourceTree = "<group>";
		};
		6E1A1EA929F966C500E4BEF4 /* Singleton */ = {
			isa = PBXGroup;
			children = (
				6E1A1EAA29F966DE00E4BEF4 /* AppNavigation.swift */,
			);
			path = Singleton;
			sourceTree = "<group>";
		};
		6E1A1EAE29F96A3B00E4BEF4 /* HomeCell */ = {
			isa = PBXGroup;
			children = (
				6E1A1EB129F96A9B00E4BEF4 /* HomeTableViewCell.swift */,
				6E1A1EB229F96A9B00E4BEF4 /* HomeTableViewCell.xib */,
			);
			path = HomeCell;
			sourceTree = "<group>";
		};
		6E1A1EB529F96FB100E4BEF4 /* IPViewController */ = {
			isa = PBXGroup;
			children = (
				6E1A1EB629F96FCC00E4BEF4 /* IPViewController.swift */,
				6E1A1EB829F96FD900E4BEF4 /* IP.storyboard */,
			);
			path = IPViewController;
			sourceTree = "<group>";
		};
		6E1A1EBF29F975CB00E4BEF4 /* PersistenceService */ = {
			isa = PBXGroup;
			children = (
				6E1A1EBD29F971B500E4BEF4 /* PersistenceService.swift */,
			);
			path = PersistenceService;
			sourceTree = "<group>";
		};
		6E1A1EC229F97D1600E4BEF4 /* AppUtils */ = {
			isa = PBXGroup;
			children = (
				6E1A1EC029F97A1600E4BEF4 /* AppStrings.swift */,
			);
			path = AppUtils;
			sourceTree = "<group>";
		};
		6EBB5CF429F92641002A6BBC = {
			isa = PBXGroup;
			children = (
				6EBB5CFF29F92641002A6BBC /* XeroxTest */,
				6EBB5D1929F92642002A6BBC /* XeroxTestTests */,
				6EBB5D2329F92642002A6BBC /* XeroxTestUITests */,
				6EBB5CFE29F92641002A6BBC /* Products */,
			);
			sourceTree = "<group>";
		};
		6EBB5CFE29F92641002A6BBC /* Products */ = {
			isa = PBXGroup;
			children = (
				6EBB5CFD29F92641002A6BBC /* XeroxTest.app */,
				6EBB5D1629F92642002A6BBC /* XeroxTestTests.xctest */,
				6EBB5D2029F92642002A6BBC /* XeroxTestUITests.xctest */,
			);
			name = Products;
			sourceTree = "<group>";
		};
		6EBB5CFF29F92641002A6BBC /* XeroxTest */ = {
			isa = PBXGroup;
			children = (
				6EBB5D0029F92641002A6BBC /* AppDelegate.swift */,
				6E1A1E9829F92AD700E4BEF4 /* SceneDelegate.swift */,
				6E1A1EC229F97D1600E4BEF4 /* AppUtils */,
				6E1A1EBF29F975CB00E4BEF4 /* PersistenceService */,
				6E1A1EA929F966C500E4BEF4 /* Singleton */,
				6E1A1EA629F9652100E4BEF4 /* Extensions */,
				6E1A1EA529F9651600E4BEF4 /* App */,
				6EBB5D0C29F92642002A6BBC /* Assets.xcassets */,
				6EBB5D0E29F92642002A6BBC /* LaunchScreen.storyboard */,
				6EBB5D1129F92642002A6BBC /* Info.plist */,
				6EBB5D0929F92641002A6BBC /* XeroxTest.xcdatamodeld */,
			);
			path = XeroxTest;
			sourceTree = "<group>";
		};
		6EBB5D1929F92642002A6BBC /* XeroxTestTests */ = {
			isa = PBXGroup;
			children = (
				6EBB5D1A29F92642002A6BBC /* XeroxTestTests.swift */,
			);
			path = XeroxTestTests;
			sourceTree = "<group>";
		};
		6EBB5D2329F92642002A6BBC /* XeroxTestUITests */ = {
			isa = PBXGroup;
			children = (
				6EBB5D2429F92642002A6BBC /* XeroxTestUITests.swift */,
				6EBB5D2629F92642002A6BBC /* XeroxTestUITestsLaunchTests.swift */,
			);
			path = XeroxTestUITests;
			sourceTree = "<group>";
		};
/* End PBXGroup section */

/* Begin PBXNativeTarget section */
		6EBB5CFC29F92641002A6BBC /* XeroxTest */ = {
			isa = PBXNativeTarget;
			buildConfigurationList = 6EBB5D2A29F92642002A6BBC /* Build configuration list for PBXNativeTarget "XeroxTest" */;
			buildPhases = (
				6EBB5CF929F92641002A6BBC /* Sources */,
				6EBB5CFA29F92641002A6BBC /* Frameworks */,
				6EBB5CFB29F92641002A6BBC /* Resources */,
			);
			buildRules = (
			);
			dependencies = (
			);
			name = XeroxTest;
			packageProductDependencies = (
				6E1A1E9529F9281200E4BEF4 /* Reachability */,
				6E1A1E9C29F95D9A00E4BEF4 /* GoogleSignIn */,
				6E1A1E9E29F95D9A00E4BEF4 /* GoogleSignInSwift */,
			);
			productName = XeroxTest;
			productReference = 6EBB5CFD29F92641002A6BBC /* XeroxTest.app */;
			productType = "com.apple.product-type.application";
		};
		6EBB5D1529F92642002A6BBC /* XeroxTestTests */ = {
			isa = PBXNativeTarget;
			buildConfigurationList = 6EBB5D2D29F92642002A6BBC /* Build configuration list for PBXNativeTarget "XeroxTestTests" */;
			buildPhases = (
				6EBB5D1229F92642002A6BBC /* Sources */,
				6EBB5D1329F92642002A6BBC /* Frameworks */,
				6EBB5D1429F92642002A6BBC /* Resources */,
			);
			buildRules = (
			);
			dependencies = (
				6EBB5D1829F92642002A6BBC /* PBXTargetDependency */,
			);
			name = XeroxTestTests;
			productName = XeroxTestTests;
			productReference = 6EBB5D1629F92642002A6BBC /* XeroxTestTests.xctest */;
			productType = "com.apple.product-type.bundle.unit-test";
		};
		6EBB5D1F29F92642002A6BBC /* XeroxTestUITests */ = {
			isa = PBXNativeTarget;
			buildConfigurationList = 6EBB5D3029F92642002A6BBC /* Build configuration list for PBXNativeTarget "XeroxTestUITests" */;
			buildPhases = (
				6EBB5D1C29F92642002A6BBC /* Sources */,
				6EBB5D1D29F92642002A6BBC /* Frameworks */,
				6EBB5D1E29F92642002A6BBC /* Resources */,
			);
			buildRules = (
			);
			dependencies = (
				6EBB5D2229F92642002A6BBC /* PBXTargetDependency */,
			);
			name = XeroxTestUITests;
			productName = XeroxTestUITests;
			productReference = 6EBB5D2029F92642002A6BBC /* XeroxTestUITests.xctest */;
			productType = "com.apple.product-type.bundle.ui-testing";
		};
/* End PBXNativeTarget section */

/* Begin PBXProject section */
		6EBB5CF529F92641002A6BBC /* Project object */ = {
			isa = PBXProject;
			attributes = {
				BuildIndependentTargetsInParallel = 1;
				LastSwiftUpdateCheck = 1400;
				LastUpgradeCheck = 1400;
				TargetAttributes = {
					6EBB5CFC29F92641002A6BBC = {
						CreatedOnToolsVersion = 14.0.1;
					};
					6EBB5D1529F92642002A6BBC = {
						CreatedOnToolsVersion = 14.0.1;
						TestTargetID = 6EBB5CFC29F92641002A6BBC;
					};
					6EBB5D1F29F92642002A6BBC = {
						CreatedOnToolsVersion = 14.0.1;
						TestTargetID = 6EBB5CFC29F92641002A6BBC;
					};
				};
			};
			buildConfigurationList = 6EBB5CF829F92641002A6BBC /* Build configuration list for PBXProject "XeroxTest" */;
			compatibilityVersion = "Xcode 14.0";
			developmentRegion = en;
			hasScannedForEncodings = 0;
			knownRegions = (
				en,
				Base,
			);
			mainGroup = 6EBB5CF429F92641002A6BBC;
			packageReferences = (
				6E1A1E9429F9281200E4BEF4 /* XCRemoteSwiftPackageReference "Reachability" */,
				6E1A1E9B29F95D9A00E4BEF4 /* XCRemoteSwiftPackageReference "GoogleSignIn-iOS" */,
			);
			productRefGroup = 6EBB5CFE29F92641002A6BBC /* Products */;
			projectDirPath = "";
			projectRoot = "";
			targets = (
				6EBB5CFC29F92641002A6BBC /* XeroxTest */,
				6EBB5D1529F92642002A6BBC /* XeroxTestTests */,
				6EBB5D1F29F92642002A6BBC /* XeroxTestUITests */,
			);
		};
/* End PBXProject section */

/* Begin PBXResourcesBuildPhase section */
		6EBB5CFB29F92641002A6BBC /* Resources */ = {
			isa = PBXResourcesBuildPhase;
			buildActionMask = 2147483647;
			files = (
				6EBB5D1029F92642002A6BBC /* LaunchScreen.storyboard in Resources */,
				6EBB5D0D29F92642002A6BBC /* Assets.xcassets in Resources */,
				6EBB5D0829F92641002A6BBC /* Main.storyboard in Resources */,
				6E1A1EB929F96FD900E4BEF4 /* IP.storyboard in Resources */,
				6E1A1EB429F96A9B00E4BEF4 /* HomeTableViewCell.xib in Resources */,
				6E1A1EA429F963A500E4BEF4 /* Home.storyboard in Resources */,
			);
			runOnlyForDeploymentPostprocessing = 0;
		};
		6EBB5D1429F92642002A6BBC /* Resources */ = {
			isa = PBXResourcesBuildPhase;
			buildActionMask = 2147483647;
			files = (
			);
			runOnlyForDeploymentPostprocessing = 0;
		};
		6EBB5D1E29F92642002A6BBC /* Resources */ = {
			isa = PBXResourcesBuildPhase;
			buildActionMask = 2147483647;
			files = (
			);
			runOnlyForDeploymentPostprocessing = 0;
		};
/* End PBXResourcesBuildPhase section */

/* Begin PBXSourcesBuildPhase section */
		6EBB5CF929F92641002A6BBC /* Sources */ = {
			isa = PBXSourcesBuildPhase;
			buildActionMask = 2147483647;
			files = (
				6E1A1EA229F9638300E4BEF4 /* HomeviewControllerViewController.swift in Sources */,
				6E1A1EC129F97A1600E4BEF4 /* AppStrings.swift in Sources */,
				6EBB5D0B29F92641002A6BBC /* XeroxTest.xcdatamodeld in Sources */,
				6EBB5D0529F92641002A6BBC /* ViewController.swift in Sources */,
				6E1A1EB729F96FCC00E4BEF4 /* IPViewController.swift in Sources */,
				6E1A1EAB29F966DE00E4BEF4 /* AppNavigation.swift in Sources */,
				6EBB5D0129F92641002A6BBC /* AppDelegate.swift in Sources */,
				6E1A1EA829F9654800E4BEF4 /* UIApplication+Extension.swift in Sources */,
				6E1A1EB329F96A9B00E4BEF4 /* HomeTableViewCell.swift in Sources */,
				6E1A1EBE29F971B500E4BEF4 /* PersistenceService.swift in Sources */,
				6E1A1E9929F92AD700E4BEF4 /* SceneDelegate.swift in Sources */,
			);
			runOnlyForDeploymentPostprocessing = 0;
		};
		6EBB5D1229F92642002A6BBC /* Sources */ = {
			isa = PBXSourcesBuildPhase;
			buildActionMask = 2147483647;
			files = (
				6EBB5D1B29F92642002A6BBC /* XeroxTestTests.swift in Sources */,
			);
			runOnlyForDeploymentPostprocessing = 0;
		};
		6EBB5D1C29F92642002A6BBC /* Sources */ = {
			isa = PBXSourcesBuildPhase;
			buildActionMask = 2147483647;
			files = (
				6EBB5D2529F92642002A6BBC /* XeroxTestUITests.swift in Sources */,
				6EBB5D2729F92642002A6BBC /* XeroxTestUITestsLaunchTests.swift in Sources */,
			);
			runOnlyForDeploymentPostprocessing = 0;
		};
/* End PBXSourcesBuildPhase section */

/* Begin PBXTargetDependency section */
		6EBB5D1829F92642002A6BBC /* PBXTargetDependency */ = {
			isa = PBXTargetDependency;
			target = 6EBB5CFC29F92641002A6BBC /* XeroxTest */;
			targetProxy = 6EBB5D1729F92642002A6BBC /* PBXContainerItemProxy */;
		};
		6EBB5D2229F92642002A6BBC /* PBXTargetDependency */ = {
			isa = PBXTargetDependency;
			target = 6EBB5CFC29F92641002A6BBC /* XeroxTest */;
			targetProxy = 6EBB5D2129F92642002A6BBC /* PBXContainerItemProxy */;
		};
/* End PBXTargetDependency section */

/* Begin PBXVariantGroup section */
		6EBB5D0629F92641002A6BBC /* Main.storyboard */ = {
			isa = PBXVariantGroup;
			children = (
				6EBB5D0729F92641002A6BBC /* Base */,
			);
			name = Main.storyboard;
			sourceTree = "<group>";
		};
		6EBB5D0E29F92642002A6BBC /* LaunchScreen.storyboard */ = {
			isa = PBXVariantGroup;
			children = (
				6EBB5D0F29F92642002A6BBC /* Base */,
			);
			name = LaunchScreen.storyboard;
			sourceTree = "<group>";
		};
/* End PBXVariantGroup section */

/* Begin XCBuildConfiguration section */
		6EBB5D2829F92642002A6BBC /* Debug */ = {
			isa = XCBuildConfiguration;
			buildSettings = {
				ALWAYS_SEARCH_USER_PATHS = NO;
				CLANG_ANALYZER_NONNULL = YES;
				CLANG_ANALYZER_NUMBER_OBJECT_CONVERSION = YES_AGGRESSIVE;
				CLANG_CXX_LANGUAGE_STANDARD = "gnu++20";
				CLANG_ENABLE_MODULES = YES;
				CLANG_ENABLE_OBJC_ARC = YES;
				CLANG_ENABLE_OBJC_WEAK = YES;
				CLANG_WARN_BLOCK_CAPTURE_AUTORELEASING = YES;
				CLANG_WARN_BOOL_CONVERSION = YES;
				CLANG_WARN_COMMA = YES;
				CLANG_WARN_CONSTANT_CONVERSION = YES;
				CLANG_WARN_DEPRECATED_OBJC_IMPLEMENTATIONS = YES;
				CLANG_WARN_DIRECT_OBJC_ISA_USAGE = YES_ERROR;
				CLANG_WARN_DOCUMENTATION_COMMENTS = YES;
				CLANG_WARN_EMPTY_BODY = YES;
				CLANG_WARN_ENUM_CONVERSION = YES;
				CLANG_WARN_INFINITE_RECURSION = YES;
				CLANG_WARN_INT_CONVERSION = YES;
				CLANG_WARN_NON_LITERAL_NULL_CONVERSION = YES;
				CLANG_WARN_OBJC_IMPLICIT_RETAIN_SELF = YES;
				CLANG_WARN_OBJC_LITERAL_CONVERSION = YES;
				CLANG_WARN_OBJC_ROOT_CLASS = YES_ERROR;
				CLANG_WARN_QUOTED_INCLUDE_IN_FRAMEWORK_HEADER = YES;
				CLANG_WARN_RANGE_LOOP_ANALYSIS = YES;
				CLANG_WARN_STRICT_PROTOTYPES = YES;
				CLANG_WARN_SUSPICIOUS_MOVE = YES;
				CLANG_WARN_UNGUARDED_AVAILABILITY = YES_AGGRESSIVE;
				CLANG_WARN_UNREACHABLE_CODE = YES;
				CLANG_WARN__DUPLICATE_METHOD_MATCH = YES;
				COPY_PHASE_STRIP = NO;
				DEBUG_INFORMATION_FORMAT = dwarf;
				ENABLE_STRICT_OBJC_MSGSEND = YES;
				ENABLE_TESTABILITY = YES;
				GCC_C_LANGUAGE_STANDARD = gnu11;
				GCC_DYNAMIC_NO_PIC = NO;
				GCC_NO_COMMON_BLOCKS = YES;
				GCC_OPTIMIZATION_LEVEL = 0;
				GCC_PREPROCESSOR_DEFINITIONS = (
					"DEBUG=1",
					"$(inherited)",
				);
				GCC_WARN_64_TO_32_BIT_CONVERSION = YES;
				GCC_WARN_ABOUT_RETURN_TYPE = YES_ERROR;
				GCC_WARN_UNDECLARED_SELECTOR = YES;
				GCC_WARN_UNINITIALIZED_AUTOS = YES_AGGRESSIVE;
				GCC_WARN_UNUSED_FUNCTION = YES;
				GCC_WARN_UNUSED_VARIABLE = YES;
				IPHONEOS_DEPLOYMENT_TARGET = 16.0;
				MTL_ENABLE_DEBUG_INFO = INCLUDE_SOURCE;
				MTL_FAST_MATH = YES;
				ONLY_ACTIVE_ARCH = YES;
				SDKROOT = iphoneos;
				SWIFT_ACTIVE_COMPILATION_CONDITIONS = DEBUG;
				SWIFT_OPTIMIZATION_LEVEL = "-Onone";
			};
			name = Debug;
		};
		6EBB5D2929F92642002A6BBC /* Release */ = {
			isa = XCBuildConfiguration;
			buildSettings = {
				ALWAYS_SEARCH_USER_PATHS = NO;
				CLANG_ANALYZER_NONNULL = YES;
				CLANG_ANALYZER_NUMBER_OBJECT_CONVERSION = YES_AGGRESSIVE;
				CLANG_CXX_LANGUAGE_STANDARD = "gnu++20";
				CLANG_ENABLE_MODULES = YES;
				CLANG_ENABLE_OBJC_ARC = YES;
				CLANG_ENABLE_OBJC_WEAK = YES;
				CLANG_WARN_BLOCK_CAPTURE_AUTORELEASING = YES;
				CLANG_WARN_BOOL_CONVERSION = YES;
				CLANG_WARN_COMMA = YES;
				CLANG_WARN_CONSTANT_CONVERSION = YES;
				CLANG_WARN_DEPRECATED_OBJC_IMPLEMENTATIONS = YES;
				CLANG_WARN_DIRECT_OBJC_ISA_USAGE = YES_ERROR;
				CLANG_WARN_DOCUMENTATION_COMMENTS = YES;
				CLANG_WARN_EMPTY_BODY = YES;
				CLANG_WARN_ENUM_CONVERSION = YES;
				CLANG_WARN_INFINITE_RECURSION = YES;
				CLANG_WARN_INT_CONVERSION = YES;
				CLANG_WARN_NON_LITERAL_NULL_CONVERSION = YES;
				CLANG_WARN_OBJC_IMPLICIT_RETAIN_SELF = YES;
				CLANG_WARN_OBJC_LITERAL_CONVERSION = YES;
				CLANG_WARN_OBJC_ROOT_CLASS = YES_ERROR;
				CLANG_WARN_QUOTED_INCLUDE_IN_FRAMEWORK_HEADER = YES;
				CLANG_WARN_RANGE_LOOP_ANALYSIS = YES;
				CLANG_WARN_STRICT_PROTOTYPES = YES;
				CLANG_WARN_SUSPICIOUS_MOVE = YES;
				CLANG_WARN_UNGUARDED_AVAILABILITY = YES_AGGRESSIVE;
				CLANG_WARN_UNREACHABLE_CODE = YES;
				CLANG_WARN__DUPLICATE_METHOD_MATCH = YES;
				COPY_PHASE_STRIP = NO;
				DEBUG_INFORMATION_FORMAT = "dwarf-with-dsym";
				ENABLE_NS_ASSERTIONS = NO;
				ENABLE_STRICT_OBJC_MSGSEND = YES;
				GCC_C_LANGUAGE_STANDARD = gnu11;
				GCC_NO_COMMON_BLOCKS = YES;
				GCC_WARN_64_TO_32_BIT_CONVERSION = YES;
				GCC_WARN_ABOUT_RETURN_TYPE = YES_ERROR;
				GCC_WARN_UNDECLARED_SELECTOR = YES;
				GCC_WARN_UNINITIALIZED_AUTOS = YES_AGGRESSIVE;
				GCC_WARN_UNUSED_FUNCTION = YES;
				GCC_WARN_UNUSED_VARIABLE = YES;
				IPHONEOS_DEPLOYMENT_TARGET = 16.0;
				MTL_ENABLE_DEBUG_INFO = NO;
				MTL_FAST_MATH = YES;
				SDKROOT = iphoneos;
				SWIFT_COMPILATION_MODE = wholemodule;
				SWIFT_OPTIMIZATION_LEVEL = "-O";
				VALIDATE_PRODUCT = YES;
			};
			name = Release;
		};
		6EBB5D2B29F92642002A6BBC /* Debug */ = {
			isa = XCBuildConfiguration;
			buildSettings = {
				ASSETCATALOG_COMPILER_APPICON_NAME = AppIcon;
				ASSETCATALOG_COMPILER_GLOBAL_ACCENT_COLOR_NAME = AccentColor;
				CODE_SIGN_STYLE = Automatic;
				CURRENT_PROJECT_VERSION = 1;
				GENERATE_INFOPLIST_FILE = YES;
				INFOPLIST_FILE = XeroxTest/Info.plist;
				INFOPLIST_KEY_UIApplicationSupportsIndirectInputEvents = YES;
				INFOPLIST_KEY_UILaunchStoryboardName = LaunchScreen;
				INFOPLIST_KEY_UIMainStoryboardFile = Main;
				INFOPLIST_KEY_UISupportedInterfaceOrientations_iPad = "UIInterfaceOrientationPortrait UIInterfaceOrientationPortraitUpsideDown UIInterfaceOrientationLandscapeLeft UIInterfaceOrientationLandscapeRight";
				INFOPLIST_KEY_UISupportedInterfaceOrientations_iPhone = "UIInterfaceOrientationPortrait UIInterfaceOrientationLandscapeLeft UIInterfaceOrientationLandscapeRight";
				LD_RUNPATH_SEARCH_PATHS = (
					"$(inherited)",
					"@executable_path/Frameworks",
				);
				MARKETING_VERSION = 1.0;
				PRODUCT_BUNDLE_IDENTIFIER = com.app.xeroxtest.XeroxTest;
				PRODUCT_NAME = "$(TARGET_NAME)";
				SWIFT_EMIT_LOC_STRINGS = YES;
				SWIFT_VERSION = 5.0;
				TARGETED_DEVICE_FAMILY = "1,2";
			};
			name = Debug;
		};
		6EBB5D2C29F92642002A6BBC /* Release */ = {
			isa = XCBuildConfiguration;
			buildSettings = {
				ASSETCATALOG_COMPILER_APPICON_NAME = AppIcon;
				ASSETCATALOG_COMPILER_GLOBAL_ACCENT_COLOR_NAME = AccentColor;
				CODE_SIGN_STYLE = Automatic;
				CURRENT_PROJECT_VERSION = 1;
				GENERATE_INFOPLIST_FILE = YES;
				INFOPLIST_FILE = XeroxTest/Info.plist;
				INFOPLIST_KEY_UIApplicationSupportsIndirectInputEvents = YES;
				INFOPLIST_KEY_UILaunchStoryboardName = LaunchScreen;
				INFOPLIST_KEY_UIMainStoryboardFile = Main;
				INFOPLIST_KEY_UISupportedInterfaceOrientations_iPad = "UIInterfaceOrientationPortrait UIInterfaceOrientationPortraitUpsideDown UIInterfaceOrientationLandscapeLeft UIInterfaceOrientationLandscapeRight";
				INFOPLIST_KEY_UISupportedInterfaceOrientations_iPhone = "UIInterfaceOrientationPortrait UIInterfaceOrientationLandscapeLeft UIInterfaceOrientationLandscapeRight";
				LD_RUNPATH_SEARCH_PATHS = (
					"$(inherited)",
					"@executable_path/Frameworks",
				);
				MARKETING_VERSION = 1.0;
				PRODUCT_BUNDLE_IDENTIFIER = com.app.xeroxtest.XeroxTest;
				PRODUCT_NAME = "$(TARGET_NAME)";
				SWIFT_EMIT_LOC_STRINGS = YES;
				SWIFT_VERSION = 5.0;
				TARGETED_DEVICE_FAMILY = "1,2";
			};
			name = Release;
		};
		6EBB5D2E29F92642002A6BBC /* Debug */ = {
			isa = XCBuildConfiguration;
			buildSettings = {
				ALWAYS_EMBED_SWIFT_STANDARD_LIBRARIES = YES;
				BUNDLE_LOADER = "$(TEST_HOST)";
				CODE_SIGN_STYLE = Automatic;
				CURRENT_PROJECT_VERSION = 1;
				GENERATE_INFOPLIST_FILE = YES;
				IPHONEOS_DEPLOYMENT_TARGET = 16.0;
				MARKETING_VERSION = 1.0;
				PRODUCT_BUNDLE_IDENTIFIER = com.app.xeroxtest.XeroxTestTests;
				PRODUCT_NAME = "$(TARGET_NAME)";
				SWIFT_EMIT_LOC_STRINGS = NO;
				SWIFT_VERSION = 5.0;
				TARGETED_DEVICE_FAMILY = "1,2";
				TEST_HOST = "$(BUILT_PRODUCTS_DIR)/XeroxTest.app/$(BUNDLE_EXECUTABLE_FOLDER_PATH)/XeroxTest";
			};
			name = Debug;
		};
		6EBB5D2F29F92642002A6BBC /* Release */ = {
			isa = XCBuildConfiguration;
			buildSettings = {
				ALWAYS_EMBED_SWIFT_STANDARD_LIBRARIES = YES;
				BUNDLE_LOADER = "$(TEST_HOST)";
				CODE_SIGN_STYLE = Automatic;
				CURRENT_PROJECT_VERSION = 1;
				GENERATE_INFOPLIST_FILE = YES;
				IPHONEOS_DEPLOYMENT_TARGET = 16.0;
				MARKETING_VERSION = 1.0;
				PRODUCT_BUNDLE_IDENTIFIER = com.app.xeroxtest.XeroxTestTests;
				PRODUCT_NAME = "$(TARGET_NAME)";
				SWIFT_EMIT_LOC_STRINGS = NO;
				SWIFT_VERSION = 5.0;
				TARGETED_DEVICE_FAMILY = "1,2";
				TEST_HOST = "$(BUILT_PRODUCTS_DIR)/XeroxTest.app/$(BUNDLE_EXECUTABLE_FOLDER_PATH)/XeroxTest";
			};
			name = Release;
		};
		6EBB5D3129F92642002A6BBC /* Debug */ = {
			isa = XCBuildConfiguration;
			buildSettings = {
				ALWAYS_EMBED_SWIFT_STANDARD_LIBRARIES = YES;
				CODE_SIGN_STYLE = Automatic;
				CURRENT_PROJECT_VERSION = 1;
				GENERATE_INFOPLIST_FILE = YES;
				MARKETING_VERSION = 1.0;
				PRODUCT_BUNDLE_IDENTIFIER = com.app.xeroxtest.XeroxTestUITests;
				PRODUCT_NAME = "$(TARGET_NAME)";
				SWIFT_EMIT_LOC_STRINGS = NO;
				SWIFT_VERSION = 5.0;
				TARGETED_DEVICE_FAMILY = "1,2";
				TEST_TARGET_NAME = XeroxTest;
			};
			name = Debug;
		};
		6EBB5D3229F92642002A6BBC /* Release */ = {
			isa = XCBuildConfiguration;
			buildSettings = {
				ALWAYS_EMBED_SWIFT_STANDARD_LIBRARIES = YES;
				CODE_SIGN_STYLE = Automatic;
				CURRENT_PROJECT_VERSION = 1;
				GENERATE_INFOPLIST_FILE = YES;
				MARKETING_VERSION = 1.0;
				PRODUCT_BUNDLE_IDENTIFIER = com.app.xeroxtest.XeroxTestUITests;
				PRODUCT_NAME = "$(TARGET_NAME)";
				SWIFT_EMIT_LOC_STRINGS = NO;
				SWIFT_VERSION = 5.0;
				TARGETED_DEVICE_FAMILY = "1,2";
				TEST_TARGET_NAME = XeroxTest;
			};
			name = Release;
		};
/* End XCBuildConfiguration section */

/* Begin XCConfigurationList section */
		6EBB5CF829F92641002A6BBC /* Build configuration list for PBXProject "XeroxTest" */ = {
			isa = XCConfigurationList;
			buildConfigurations = (
				6EBB5D2829F92642002A6BBC /* Debug */,
				6EBB5D2929F92642002A6BBC /* Release */,
			);
			defaultConfigurationIsVisible = 0;
			defaultConfigurationName = Release;
		};
		6EBB5D2A29F92642002A6BBC /* Build configuration list for PBXNativeTarget "XeroxTest" */ = {
			isa = XCConfigurationList;
			buildConfigurations = (
				6EBB5D2B29F92642002A6BBC /* Debug */,
				6EBB5D2C29F92642002A6BBC /* Release */,
			);
			defaultConfigurationIsVisible = 0;
			defaultConfigurationName = Release;
		};
		6EBB5D2D29F92642002A6BBC /* Build configuration list for PBXNativeTarget "XeroxTestTests" */ = {
			isa = XCConfigurationList;
			buildConfigurations = (
				6EBB5D2E29F92642002A6BBC /* Debug */,
				6EBB5D2F29F92642002A6BBC /* Release */,
			);
			defaultConfigurationIsVisible = 0;
			defaultConfigurationName = Release;
		};
		6EBB5D3029F92642002A6BBC /* Build configuration list for PBXNativeTarget "XeroxTestUITests" */ = {
			isa = XCConfigurationList;
			buildConfigurations = (
				6EBB5D3129F92642002A6BBC /* Debug */,
				6EBB5D3229F92642002A6BBC /* Release */,
			);
			defaultConfigurationIsVisible = 0;
			defaultConfigurationName = Release;
		};
/* End XCConfigurationList section */

/* Begin XCRemoteSwiftPackageReference section */
		6E1A1E9429F9281200E4BEF4 /* XCRemoteSwiftPackageReference "Reachability" */ = {
			isa = XCRemoteSwiftPackageReference;
			repositoryURL = "https://github.com/ashleymills/Reachability.swift";
			requirement = {
				branch = master;
				kind = branch;
			};
		};
		6E1A1E9B29F95D9A00E4BEF4 /* XCRemoteSwiftPackageReference "GoogleSignIn-iOS" */ = {
			isa = XCRemoteSwiftPackageReference;
			repositoryURL = "https://github.com/google/GoogleSignIn-iOS";
			requirement = {
				kind = upToNextMajorVersion;
				minimumVersion = 7.0.0;
			};
		};
/* End XCRemoteSwiftPackageReference section */

/* Begin XCSwiftPackageProductDependency section */
		6E1A1E9529F9281200E4BEF4 /* Reachability */ = {
			isa = XCSwiftPackageProductDependency;
			package = 6E1A1E9429F9281200E4BEF4 /* XCRemoteSwiftPackageReference "Reachability" */;
			productName = Reachability;
		};
		6E1A1E9C29F95D9A00E4BEF4 /* GoogleSignIn */ = {
			isa = XCSwiftPackageProductDependency;
			package = 6E1A1E9B29F95D9A00E4BEF4 /* XCRemoteSwiftPackageReference "GoogleSignIn-iOS" */;
			productName = GoogleSignIn;
		};
		6E1A1E9E29F95D9A00E4BEF4 /* GoogleSignInSwift */ = {
			isa = XCSwiftPackageProductDependency;
			package = 6E1A1E9B29F95D9A00E4BEF4 /* XCRemoteSwiftPackageReference "GoogleSignIn-iOS" */;
			productName = GoogleSignInSwift;
		};
/* End XCSwiftPackageProductDependency section */

/* Begin XCVersionGroup section */
		6EBB5D0929F92641002A6BBC /* XeroxTest.xcdatamodeld */ = {
			isa = XCVersionGroup;
			children = (
				6EBB5D0A29F92641002A6BBC /* XeroxTest.xcdatamodel */,
			);
			currentVersion = 6EBB5D0A29F92641002A6BBC /* XeroxTest.xcdatamodel */;
			path = XeroxTest.xcdatamodeld;
			sourceTree = "<group>";
			versionGroupType = wrapper.xcdatamodel;
		};
/* End XCVersionGroup section */
	};
	rootObject = 6EBB5CF529F92641002A6BBC /* Project object */;
}
